
Microsoft Visual Studio Solution File, Format Version 12.00
# Visual Studio Version 17
VisualStudioVersion = 17.3.32922.545
MinimumVisualStudioVersion = 10.0.40219.1
Project("{FAE04EC0-301F-11D3-BF4B-00C04F79EFBC}") = "Complecses", "Complecses\Complecses.csproj", "{891F42FA-1824-4E8C-A7CA-920D574CAAAD}"
EndProject
Global
	GlobalSection(SolutionConfigurationPlatforms) = preSolution
		Debug|Any CPU = Debug|Any CPU
		Release|Any CPU = Release|Any CPU
	EndGlobalSection
	GlobalSection(ProjectConfigurationPlatforms) = postSolution
		{891F42FA-1824-4E8C-A7CA-920D574CAAAD}.Debug|Any CPU.ActiveCfg = Debug|Any CPU
		{891F42FA-1824-4E8C-A7CA-920D574CAAAD}.Debug|Any CPU.Build.0 = Debug|Any CPU
		{891F42FA-1824-4E8C-A7CA-920D574CAAAD}.Release|Any CPU.ActiveCfg = Release|Any CPU
		{891F42FA-1824-4E8C-A7CA-920D574CAAAD}.Release|Any CPU.Build.0 = Release|Any CPU
	EndGlobalSection
	GlobalSection(SolutionProperties) = preSolution
		HideSolutionNode = FALSE
	EndGlobalSection
	GlobalSection(ExtensibilityGlobals) = postSolution
		SolutionGuid = {5A4B0F6E-0858-402A-A637-23F57224138B}
	EndGlobalSection
EndGlobal
